// !$*UTF8*$!
{
	archiveVersion = 1;
	classes = {
	};
	objectVersion = 46;
	objects = {

/* Begin PBXBuildFile section */
		230444E61CCC3C900018D897 /* TrainAjax.swift in Sources */ = {isa = PBXBuildFile; fileRef = 230444E51CCC3C900018D897 /* TrainAjax.swift */; };
		230444E81CCC44000018D897 /* Blank52.png in Resources */ = {isa = PBXBuildFile; fileRef = 230444E71CCC44000018D897 /* Blank52.png */; };
		230444EA1CCC4B0F0018D897 /* Album.swift in Sources */ = {isa = PBXBuildFile; fileRef = 230444E91CCC4B0F0018D897 /* Album.swift */; };
		230444EC1CCC4E2B0018D897 /* DetailsViewController.swift in Sources */ = {isa = PBXBuildFile; fileRef = 230444EB1CCC4E2B0018D897 /* DetailsViewController.swift */; };
		233AC5DD1CB74FBA004E3FE0 /* AppDelegate.swift in Sources */ = {isa = PBXBuildFile; fileRef = 233AC5DC1CB74FBA004E3FE0 /* AppDelegate.swift */; };
		233AC5DF1CB74FBA004E3FE0 /* SearchResultsViewController.swift in Sources */ = {isa = PBXBuildFile; fileRef = 233AC5DE1CB74FBA004E3FE0 /* SearchResultsViewController.swift */; };
		233AC5E21CB74FBA004E3FE0 /* Main.storyboard in Resources */ = {isa = PBXBuildFile; fileRef = 233AC5E01CB74FBA004E3FE0 /* Main.storyboard */; };
		233AC5E41CB74FBA004E3FE0 /* Assets.xcassets in Resources */ = {isa = PBXBuildFile; fileRef = 233AC5E31CB74FBA004E3FE0 /* Assets.xcassets */; };
		233AC5E71CB74FBA004E3FE0 /* LaunchScreen.storyboard in Resources */ = {isa = PBXBuildFile; fileRef = 233AC5E51CB74FBA004E3FE0 /* LaunchScreen.storyboard */; };
		239A3AA31CB75F9800C674F3 /* APIController.swift in Sources */ = {isa = PBXBuildFile; fileRef = 239A3AA21CB75F9800C674F3 /* APIController.swift */; };
/* End PBXBuildFile section */

/* Begin PBXFileReference section */
		230444E51CCC3C900018D897 /* TrainAjax.swift */ = {isa = PBXFileReference; fileEncoding = 4; lastKnownFileType = sourcecode.swift; path = TrainAjax.swift; sourceTree = "<group>"; };
		230444E71CCC44000018D897 /* Blank52.png */ = {isa = PBXFileReference; lastKnownFileType = image.png; path = Blank52.png; sourceTree = "<group>"; };
		230444E91CCC4B0F0018D897 /* Album.swift */ = {isa = PBXFileReference; fileEncoding = 4; lastKnownFileType = sourcecode.swift; path = Album.swift; sourceTree = "<group>"; };
		230444EB1CCC4E2B0018D897 /* DetailsViewController.swift */ = {isa = PBXFileReference; fileEncoding = 4; lastKnownFileType = sourcecode.swift; path = DetailsViewController.swift; sourceTree = "<group>"; };
		233AC5D91CB74FBA004E3FE0 /* TrainTrax.app */ = {isa = PBXFileReference; explicitFileType = wrapper.application; includeInIndex = 0; path = TrainTrax.app; sourceTree = BUILT_PRODUCTS_DIR; };
		233AC5DC1CB74FBA004E3FE0 /* AppDelegate.swift */ = {isa = PBXFileReference; lastKnownFileType = sourcecode.swift; path = AppDelegate.swift; sourceTree = "<group>"; };
		233AC5DE1CB74FBA004E3FE0 /* SearchResultsViewController.swift */ = {isa = PBXFileReference; lastKnownFileType = sourcecode.swift; path = SearchResultsViewController.swift; sourceTree = "<group>"; };
		233AC5E11CB74FBA004E3FE0 /* Base */ = {isa = PBXFileReference; lastKnownFileType = file.storyboard; name = Base; path = Base.lproj/Main.storyboard; sourceTree = "<group>"; };
		233AC5E31CB74FBA004E3FE0 /* Assets.xcassets */ = {isa = PBXFileReference; lastKnownFileType = folder.assetcatalog; path = Assets.xcassets; sourceTree = "<group>"; };
		233AC5E61CB74FBA004E3FE0 /* Base */ = {isa = PBXFileReference; lastKnownFileType = file.storyboard; name = Base; path = Base.lproj/LaunchScreen.storyboard; sourceTree = "<group>"; };
		233AC5E81CB74FBA004E3FE0 /* Info.plist */ = {isa = PBXFileReference; lastKnownFileType = text.plist.xml; path = Info.plist; sourceTree = "<group>"; };
		239A3AA21CB75F9800C674F3 /* APIController.swift */ = {isa = PBXFileReference; fileEncoding = 4; lastKnownFileType = sourcecode.swift; name = APIController.swift; path = ../APIController.swift; sourceTree = "<group>"; };
/* End PBXFileReference section */

/* Begin PBXFrameworksBuildPhase section */
		233AC5D61CB74FB9004E3FE0 /* Frameworks */ = {
			isa = PBXFrameworksBuildPhase;
			buildActionMask = 2147483647;
			files = (
			);
			runOnlyForDeploymentPostprocessing = 0;
		};
/* End PBXFrameworksBuildPhase section */

/* Begin PBXGroup section */
		233AC5D01CB74FB9004E3FE0 = {
			isa = PBXGroup;
			children = (
				233AC5DB1CB74FBA004E3FE0 /* TrainTrax */,
				233AC5DA1CB74FBA004E3FE0 /* Products */,
			);
			sourceTree = "<group>";
		};
		233AC5DA1CB74FBA004E3FE0 /* Products */ = {
			isa = PBXGroup;
			children = (
				233AC5D91CB74FBA004E3FE0 /* TrainTrax.app */,
			);
			name = Products;
			sourceTree = "<group>";
		};
		233AC5DB1CB74FBA004E3FE0 /* TrainTrax */ = {
			isa = PBXGroup;
			children = (
				230444E71CCC44000018D897 /* Blank52.png */,
				239A3AA21CB75F9800C674F3 /* APIController.swift */,
				233AC5DC1CB74FBA004E3FE0 /* AppDelegate.swift */,
				233AC5DE1CB74FBA004E3FE0 /* SearchResultsViewController.swift */,
				233AC5E01CB74FBA004E3FE0 /* Main.storyboard */,
				233AC5E31CB74FBA004E3FE0 /* Assets.xcassets */,
				233AC5E51CB74FBA004E3FE0 /* LaunchScreen.storyboard */,
				233AC5E81CB74FBA004E3FE0 /* Info.plist */,
				230444E51CCC3C900018D897 /* TrainAjax.swift */,
				230444E91CCC4B0F0018D897 /* Album.swift */,
				230444EB1CCC4E2B0018D897 /* DetailsViewController.swift */,
			);
			path = TrainTrax;
			sourceTree = "<group>";
		};
/* End PBXGroup section */

/* Begin PBXNativeTarget section */
		233AC5D81CB74FB9004E3FE0 /* TrainTrax */ = {
			isa = PBXNativeTarget;
			buildConfigurationList = 233AC5EB1CB74FBA004E3FE0 /* Build configuration list for PBXNativeTarget "TrainTrax" */;
			buildPhases = (
				233AC5D51CB74FB9004E3FE0 /* Sources */,
				233AC5D61CB74FB9004E3FE0 /* Frameworks */,
				233AC5D71CB74FB9004E3FE0 /* Resources */,
			);
			buildRules = (
			);
			dependencies = (
			);
			name = TrainTrax;
			productName = TrainTrax;
			productReference = 233AC5D91CB74FBA004E3FE0 /* TrainTrax.app */;
			productType = "com.apple.product-type.application";
		};
/* End PBXNativeTarget section */

/* Begin PBXProject section */
		233AC5D11CB74FB9004E3FE0 /* Project object */ = {
			isa = PBXProject;
			attributes = {
				LastSwiftUpdateCheck = 0730;
				LastUpgradeCheck = 0730;
				ORGANIZATIONNAME = JakeSiegers;
				TargetAttributes = {
					233AC5D81CB74FB9004E3FE0 = {
						CreatedOnToolsVersion = 7.3;
					};
				};
			};
			buildConfigurationList = 233AC5D41CB74FB9004E3FE0 /* Build configuration list for PBXProject "TrainTrax" */;
			compatibilityVersion = "Xcode 3.2";
			developmentRegion = English;
			hasScannedForEncodings = 0;
			knownRegions = (
				en,
				Base,
			);
			mainGroup = 233AC5D01CB74FB9004E3FE0;
			productRefGroup = 233AC5DA1CB74FBA004E3FE0 /* Products */;
			projectDirPath = "";
			projectRoot = "";
			targets = (
				233AC5D81CB74FB9004E3FE0 /* TrainTrax */,
			);
		};
/* End PBXProject section */

/* Begin PBXResourcesBuildPhase section */
		233AC5D71CB74FB9004E3FE0 /* Resources */ = {
			isa = PBXResourcesBuildPhase;
			buildActionMask = 2147483647;
			files = (
				233AC5E71CB74FBA004E3FE0 /* LaunchScreen.storyboard in Resources */,
				230444E81CCC44000018D897 /* Blank52.png in Resources */,
				233AC5E41CB74FBA004E3FE0 /* Assets.xcassets in Resources */,
				233AC5E21CB74FBA004E3FE0 /* Main.storyboard in Resources */,
			);
			runOnlyForDeploymentPostprocessing = 0;
		};
/* End PBXResourcesBuildPhase section */

/* Begin PBXSourcesBuildPhase section */
		233AC5D51CB74FB9004E3FE0 /* Sources */ = {
			isa = PBXSourcesBuildPhase;
			buildActionMask = 2147483647;
			files = (
				230444E61CCC3C900018D897 /* TrainAjax.swift in Sources */,
				233AC5DF1CB74FBA004E3FE0 /* SearchResultsViewController.swift in Sources */,
				233AC5DD1CB74FBA004E3FE0 /* AppDelegate.swift in Sources */,
				239A3AA31CB75F9800C674F3 /* APIController.swift in Sources */,
				230444EA1CCC4B0F0018D897 /* Album.swift in Sources */,
				230444EC1CCC4E2B0018D897 /* DetailsViewController.swift in Sources */,
			);
			runOnlyForDeploymentPostprocessing = 0;
		};
/* End PBXSourcesBuildPhase section */

/* Begin PBXVariantGroup section */
		233AC5E01CB74FBA004E3FE0 /* Main.storyboard */ = {
			isa = PBXVariantGroup;
			children = (
				233AC5E11CB74FBA004E3FE0 /* Base */,
			);
			name = Main.storyboard;
			sourceTree = "<group>";
		};
		233AC5E51CB74FBA004E3FE0 /* LaunchScreen.storyboard */ = {
			isa = PBXVariantGroup;
			children = (
				233AC5E61CB74FBA004E3FE0 /* Base */,
			);
			name = LaunchScreen.storyboard;
			sourceTree = "<group>";
		};
/* End PBXVariantGroup section */

/* Begin XCBuildConfiguration section */
		233AC5E91CB74FBA004E3FE0 /* Debug */ = {
			isa = XCBuildConfiguration;
			buildSettings = {
				ALWAYS_SEARCH_USER_PATHS = NO;
				CLANG_ANALYZER_NONNULL = YES;
				CLANG_CXX_LANGUAGE_STANDARD = "gnu++0x";
				CLANG_CXX_LIBRARY = "libc++";
				CLANG_ENABLE_MODULES = YES;
				CLANG_ENABLE_OBJC_ARC = YES;
				CLANG_WARN_BOOL_CONVERSION = YES;
				CLANG_WARN_CONSTANT_CONVERSION = YES;
				CLANG_WARN_DIRECT_OBJC_ISA_USAGE = YES_ERROR;
				CLANG_WARN_EMPTY_BODY = YES;
				CLANG_WARN_ENUM_CONVERSION = YES;
				CLANG_WARN_INT_CONVERSION = YES;
				CLANG_WARN_OBJC_ROOT_CLASS = YES_ERROR;
				CLANG_WARN_UNREACHABLE_CODE = YES;
				CLANG_WARN__DUPLICATE_METHOD_MATCH = YES;
				"CODE_SIGN_IDENTITY[sdk=iphoneos*]" = "iPhone Developer";
				COPY_PHASE_STRIP = NO;
				DEBUG_INFORMATION_FORMAT = dwarf;
				ENABLE_STRICT_OBJC_MSGSEND = YES;
				ENABLE_TESTABILITY = YES;
				GCC_C_LANGUAGE_STANDARD = gnu99;
				GCC_DYNAMIC_NO_PIC = NO;
				GCC_NO_COMMON_BLOCKS = YES;
				GCC_OPTIMIZATION_LEVEL = 0;
				GCC_PREPROCESSOR_DEFINITIONS = (
					"DEBUG=1",
					"$(inherited)",
				);
				GCC_WARN_64_TO_32_BIT_CONVERSION = YES;
				GCC_WARN_ABOUT_RETURN_TYPE = YES_ERROR;
				GCC_WARN_UNDECLARED_SELECTOR = YES;
				GCC_WARN_UNINITIALIZED_AUTOS = YES_AGGRESSIVE;
				GCC_WARN_UNUSED_FUNCTION = YES;
				GCC_WARN_UNUSED_VARIABLE = YES;
				IPHONEOS_DEPLOYMENT_TARGET = 9.3;
				MTL_ENABLE_DEBUG_INFO = YES;
				ONLY_ACTIVE_ARCH = YES;
				SDKROOT = iphoneos;
				SWIFT_OPTIMIZATION_LEVEL = "-Onone";
			};
			name = Debug;
		};
		233AC5EA1CB74FBA004E3FE0 /* Release */ = {
			isa = XCBuildConfiguration;
			buildSettings = {
				ALWAYS_SEARCH_USER_PATHS = NO;
				CLANG_ANALYZER_NONNULL = YES;
				CLANG_CXX_LANGUAGE_STANDARD = "gnu++0x";
				CLANG_CXX_LIBRARY = "libc++";
				CLANG_ENABLE_MODULES = YES;
				CLANG_ENABLE_OBJC_ARC = YES;
				CLANG_WARN_BOOL_CONVERSION = YES;
				CLANG_WARN_CONSTANT_CONVERSION = YES;
				CLANG_WARN_DIRECT_OBJC_ISA_USAGE = YES_ERROR;
				CLANG_WARN_EMPTY_BODY = YES;
				CLANG_WARN_ENUM_CONVERSION = YES;
				CLANG_WARN_INT_CONVERSION = YES;
				CLANG_WARN_OBJC_ROOT_CLASS = YES_ERROR;
				CLANG_WARN_UNREACHABLE_CODE = YES;
				CLANG_WARN__DUPLICATE_METHOD_MATCH = YES;
				"CODE_SIGN_IDENTITY[sdk=iphoneos*]" = "iPhone Developer";
				COPY_PHASE_STRIP = NO;
				DEBUG_INFORMATION_FORMAT = "dwarf-with-dsym";
				ENABLE_NS_ASSERTIONS = NO;
				ENABLE_STRICT_OBJC_MSGSEND = YES;
				GCC_C_LANGUAGE_STANDARD = gnu99;
				GCC_NO_COMMON_BLOCKS = YES;
				GCC_WARN_64_TO_32_BIT_CONVERSION = YES;
				GCC_WARN_ABOUT_RETURN_TYPE = YES_ERROR;
				GCC_WARN_UNDECLARED_SELECTOR = YES;
				GCC_WARN_UNINITIALIZED_AUTOS = YES_AGGRESSIVE;
				GCC_WARN_UNUSED_FUNCTION = YES;
				GCC_WARN_UNUSED_VARIABLE = YES;
				IPHONEOS_DEPLOYMENT_TARGET = 9.3;
				MTL_ENABLE_DEBUG_INFO = NO;
				SDKROOT = iphoneos;
				VALIDATE_PRODUCT = YES;
			};
			name = Release;
		};
		233AC5EC1CB74FBA004E3FE0 /* Debug */ = {
			isa = XCBuildConfiguration;
			buildSettings = {
				ASSETCATALOG_COMPILER_APPICON_NAME = AppIcon;
				INFOPLIST_FILE = TrainTrax/Info.plist;
				IPHONEOS_DEPLOYMENT_TARGET = 8.0;
				LD_RUNPATH_SEARCH_PATHS = "$(inherited) @executable_path/Frameworks";
				PRODUCT_BUNDLE_IDENTIFIER = com.jakesiegers.TrainTrax;
				PRODUCT_NAME = "$(TARGET_NAME)";
			};
			name = Debug;
		};
		233AC5ED1CB74FBA004E3FE0 /* Release */ = {
			isa = XCBuildConfiguration;
			buildSettings = {
				ASSETCATALOG_COMPILER_APPICON_NAME = AppIcon;
				INFOPLIST_FILE = TrainTrax/Info.plist;
				IPHONEOS_DEPLOYMENT_TARGET = 8.0;
				LD_RUNPATH_SEARCH_PATHS = "$(inherited) @executable_path/Frameworks";
				PRODUCT_BUNDLE_IDENTIFIER = com.jakesiegers.TrainTrax;
				PRODUCT_NAME = "$(TARGET_NAME)";
			};
			name = Release;
		};
/* End XCBuildConfiguration section */

/* Begin XCConfigurationList section */
		233AC5D41CB74FB9004E3FE0 /* Build configuration list for PBXProject "TrainTrax" */ = {
			isa = XCConfigurationList;
			buildConfigurations = (
				233AC5E91CB74FBA004E3FE0 /* Debug */,
				233AC5EA1CB74FBA004E3FE0 /* Release */,
			);
			defaultConfigurationIsVisible = 0;
			defaultConfigurationName = Release;
		};
		233AC5EB1CB74FBA004E3FE0 /* Build configuration list for PBXNativeTarget "TrainTrax" */ = {
			isa = XCConfigurationList;
			buildConfigurations = (
				233AC5EC1CB74FBA004E3FE0 /* Debug */,
				233AC5ED1CB74FBA004E3FE0 /* Release */,
			);
			defaultConfigurationIsVisible = 0;
			defaultConfigurationName = Release;
		};
/* End XCConfigurationList section */
	};
	rootObject = 233AC5D11CB74FB9004E3FE0 /* Project object */;
}
